PODS:
  - Ads-Global (7.9.0.6):
    - Ads-Global/BUAdSDK (= 7.9.0.6)
  - Ads-Global/BUAdSDK (7.9.0.6):
    - Ads-Global/PangleSDK
    - Ads-Global/TikTokBusinessSDK
  - Ads-Global/PangleSDK (7.9.0.6)
  - Ads-Global/TikTokBusinessSDK (7.9.0.6)
  - AppLovinSDK (13.6.0)
  - ChartboostSDK (9.11.0)
  - DaroAds (1.1.66):
    - Google-Mobile-Ads-SDK (= 13.0.0)
    - GoogleMobileAdsMediationAppLovin (= 13.6.0.0)
    - GoogleMobileAdsMediationChartboost (= 9.11.0.3)
    - GoogleMobileAdsMediationFacebook (= 6.21.0.2)
    - GoogleMobileAdsMediationFyber (= 8.4.4.1)
    - GoogleMobileAdsMediationInMobi (= 11.1.1.1)
    - GoogleMobileAdsMediationIronSource (= 9.3.0.0.1)
    - GoogleMobileAdsMediationLine (= 3.0.0.1)
    - GoogleMobileAdsMediationMintegral (= 8.0.7.0)
    - GoogleMobileAdsMediationMoloco (= 4.5.0.0)
    - GoogleMobileAdsMediationPangle (= 7.9.0.6.0)
    - GoogleMobileAdsMediationPubMatic (= 4.12.0.0)
    - GoogleMobileAdsMediationUnity (= 4.16.6.1)
    - GoogleMobileAdsMediationVungle (= 7.7.0.0)
  - FBAudienceNetwork (6.21.0)
  - FiveAd (3.0.0)
  - Flutter (1.0.0)
  - flutter_daro_sdk (0.9.10):
    - DaroAds (= 1.1.66)
    - Flutter
  - Fyber_Marketplace_SDK (8.4.4)
  - Google-Mobile-Ads-SDK (13.0.0):
    - GoogleUserMessagingPlatform (>= 1.1)
  - GoogleMobileAdsMediationAppLovin (13.6.0.0):
    - AppLovinSDK (= 13.6.0)
    - Google-Mobile-Ads-SDK (~> 13.0)
  - GoogleMobileAdsMediationChartboost (9.11.0.3):
    - ChartboostSDK (= 9.11.0)
    - Google-Mobile-Ads-SDK (~> 13.0)
  - GoogleMobileAdsMediationFacebook (6.21.0.2):
    - FBAudienceNetwork (= 6.21.0)
    - Google-Mobile-Ads-SDK (~> 13.0)
  - GoogleMobileAdsMediationFyber (8.4.4.1):
    - Fyber_Marketplace_SDK (= 8.4.4)
    - Google-Mobile-Ads-SDK (~> 13.0)
  - GoogleMobileAdsMediationInMobi (11.1.1.1):
    - Google-Mobile-Ads-SDK (~> 13.0)
    - InMobiSDK (= 11.1.1)
  - GoogleMobileAdsMediationIronSource (9.3.0.0.1):
    - Google-Mobile-Ads-SDK (~> 13.0)
    - IronSourceSDK (= 9.3.0.0)
  - GoogleMobileAdsMediationLine (3.0.0.1):
    - FiveAd (= 3.0.0)
    - Google-Mobile-Ads-SDK (~> 13.0)
  - GoogleMobileAdsMediationMintegral (8.0.7.0):
    - Google-Mobile-Ads-SDK (~> 13.0)
    - MintegralAdSDK/All (= 8.0.7)
  - GoogleMobileAdsMediationMoloco (4.5.0.0):
    - Google-Mobile-Ads-SDK (~> 13.0)
    - MolocoSDKiOS (= 4.5.0)
  - GoogleMobileAdsMediationPangle (7.9.0.6.0):
    - Ads-Global (= 7.9.0.6)
    - Google-Mobile-Ads-SDK (~> 13.0)
  - GoogleMobileAdsMediationPubMatic (4.12.0.0):
    - Google-Mobile-Ads-SDK (~> 13.0)
    - OpenWrapSDK (= 4.12.0)
  - GoogleMobileAdsMediationUnity (4.16.6.1):
    - Google-Mobile-Ads-SDK (~> 13.0)
    - UnityAds (= 4.16.6)
  - GoogleMobileAdsMediationVungle (7.7.0.0):
    - Google-Mobile-Ads-SDK (~> 13.0)
    - VungleAds (= 7.7.0)
  - GoogleUserMessagingPlatform (3.1.0)
  - InMobiSDK (11.1.1)
  - integration_test (0.0.1):
    - Flutter
  - IronSourceAdQualitySDK (9.2.1)
  - IronSourceSDK (9.3.0.0):
    - IronSourceSDK/AdQuality (= 9.3.0.0)
    - IronSourceSDK/Ads (= 9.3.0.0)
  - IronSourceSDK/AdQuality (9.3.0.0):
    - IronSourceAdQualitySDK (~> 9.2.1)
  - IronSourceSDK/Ads (9.3.0.0)
  - MintegralAdSDK/All (8.0.7):
    - MintegralAdSDK/BannerAd
    - MintegralAdSDK/BidNativeAd
    - MintegralAdSDK/InterstitialVideoAd
    - MintegralAdSDK/NativeAd
    - MintegralAdSDK/NativeAdvancedAd
    - MintegralAdSDK/NewInterstitialAd
    - MintegralAdSDK/RewardVideoAd
    - MintegralAdSDK/SplashAd
  - MintegralAdSDK/BannerAd (8.0.7):
    - MintegralAdSDK/NativeAd
  - MintegralAdSDK/BidNativeAd (8.0.7):
    - MintegralAdSDK/NativeAd
  - MintegralAdSDK/InterstitialVideoAd (8.0.7):
    - MintegralAdSDK/NativeAd
  - MintegralAdSDK/NativeAd (8.0.7)
  - MintegralAdSDK/NativeAdvancedAd (8.0.7):
    - MintegralAdSDK/NativeAd
  - MintegralAdSDK/NewInterstitialAd (8.0.7):
    - MintegralAdSDK/InterstitialVideoAd
    - MintegralAdSDK/NativeAd
  - MintegralAdSDK/RewardVideoAd (8.0.7):
    - MintegralAdSDK/NativeAd
  - MintegralAdSDK/SplashAd (8.0.7):
    - MintegralAdSDK/NativeAd
  - MolocoSDKiOS (4.5.0)
  - OpenWrapSDK (4.12.0)
  - UnityAds (4.16.6)
  - VungleAds (7.7.0)

DEPENDENCIES:
  - Flutter (from `Flutter`)
  - flutter_daro_sdk (from `.symlinks/plugins/flutter_daro_sdk/ios`)
  - integration_test (from `.symlinks/plugins/integration_test/ios`)

SPEC REPOS:
  trunk:
    - Ads-Global
    - AppLovinSDK
    - ChartboostSDK
    - DaroAds
    - FBAudienceNetwork
    - FiveAd
    - Fyber_Marketplace_SDK
    - Google-Mobile-Ads-SDK
    - GoogleMobileAdsMediationAppLovin
    - GoogleMobileAdsMediationChartboost
    - GoogleMobileAdsMediationFacebook
    - GoogleMobileAdsMediationFyber
    - GoogleMobileAdsMediationInMobi
    - GoogleMobileAdsMediationIronSource
    - GoogleMobileAdsMediationLine
    - GoogleMobileAdsMediationMintegral
    - GoogleMobileAdsMediationMoloco
    - GoogleMobileAdsMediationPangle
    - GoogleMobileAdsMediationPubMatic
    - GoogleMobileAdsMediationUnity
    - GoogleMobileAdsMediationVungle
    - GoogleUserMessagingPlatform
    - InMobiSDK
    - IronSourceAdQualitySDK
    - IronSourceSDK
    - MintegralAdSDK
    - MolocoSDKiOS
    - OpenWrapSDK
    - UnityAds
    - VungleAds

EXTERNAL SOURCES:
  Flutter:
    :path: Flutter
  flutter_daro_sdk:
    :path: ".symlinks/plugins/flutter_daro_sdk/ios"
  integration_test:
    :path: ".symlinks/plugins/integration_test/ios"

SPEC CHECKSUMS:
  Ads-Global: fb1fa75ebbf100ab9ff216d81b71a05cf1a73675
  AppLovinSDK: c516661fbeb9d7ba1ec8c10c8da60581178a6204
  ChartboostSDK: 4c0411cb5b6cb3705fafb40936fec3aea2c789f2
  DaroAds: 7b9a7bee09f8d9364f9db6e2aa1a2489ca0bac35
  FBAudienceNetwork: f4ab9e073ab98c884dbdb5ffe7c861272b380bc2
  FiveAd: 16fac25b6d3efe14b55585e68e6c01dec1f10abc
  Flutter: e0871f40cf51350855a761d2e70bf5af5b9b5de7
  flutter_daro_sdk: 344b0314392ccef3f002833e0ce5f470422fa2e4
  Fyber_Marketplace_SDK: 37270b423a1684c3d5335db03f0c9798a31d8dd9
  Google-Mobile-Ads-SDK: 96498d53355e438e2d932277e5e8e41a824fe4d4
  GoogleMobileAdsMediationAppLovin: ef5ac8223f0c7ef439cb22ef4327892dc84e96a0
  GoogleMobileAdsMediationChartboost: 7effa520783330c9349f499dd9cda2c22414fe87
  GoogleMobileAdsMediationFacebook: b4d0ead93aba1d1e73df1bb4991954c9e653fd8b
  GoogleMobileAdsMediationFyber: ffba9569fa3455eb6e0d76382b4268bc764f52fa
  GoogleMobileAdsMediationInMobi: e45eb2d955605563c03c1ce20f595df944af74ac
  GoogleMobileAdsMediationIronSource: 4a03683c00043c374bc6c43dcf640af129cf4c7b
  GoogleMobileAdsMediationLine: 9fb52fd17fea89ed683fbc7099f9fa9e1574a783
  GoogleMobileAdsMediationMintegral: a63b2583a43534f6faae03225197f349dc80186a
  GoogleMobileAdsMediationMoloco: 5f314b9b583a78b526a820da3fe9667d52a3a88e
  GoogleMobileAdsMediationPangle: a1b9bf5cbda029ee17fc7e41d06a887d2555f8c2
  GoogleMobileAdsMediationPubMatic: 2c627071080c5ab8bf31ce339c222d02000ae5a5
  GoogleMobileAdsMediationUnity: 48994dc659be3ebc279b5114ad8d5803f1ff4131
  GoogleMobileAdsMediationVungle: 1355cd1303c2b6f14fa5141deeb81e02072c76cb
  GoogleUserMessagingPlatform: befe603da6501006420c206222acd449bba45a9c
  InMobiSDK: 4642fb34a961980ab94a1ac460c6e16e113498e6
  integration_test: 4a889634ef21a45d28d50d622cf412dc6d9f586e
  IronSourceAdQualitySDK: 2a45fd35df68f6c03090e9c330f4efe64e70a9ff
  IronSourceSDK: 5febe9a2c8c4eb4ac743dd0da492d2a6b69b5b7f
  MintegralAdSDK: 9fde3aa7b739121e4e76ae83bcc612a4af27d7e5
  MolocoSDKiOS: 6df1553306a50937307cf800c8f5cd9d1b5db41d
  OpenWrapSDK: 14f0088006c351b807050b3d13d58c6c5772ec43
  UnityAds: 37544c41dd6916fa9074bf68cf07fce793460b84
  VungleAds: 1d60d6d08d4adcaa84a401a7e65c35de5cd16ae9

PODFILE CHECKSUM: 251cb053df7158f337c0712f2ab29f4e0fa474ce

COCOAPODS: 1.16.2
